// !$*UTF8*$!
{
	archiveVersion = 1;
	classes = {
	};
	objectVersion = 46;
	objects = {

/* Begin PBXBuildFile section */
		68599D541DA992ED001C9227 /* AppDelegate.swift in Sources */ = {isa = PBXBuildFile; fileRef = 68599D531DA992ED001C9227 /* AppDelegate.swift */; };
		68599D561DA992ED001C9227 /* ViewController.swift in Sources */ = {isa = PBXBuildFile; fileRef = 68599D551DA992ED001C9227 /* ViewController.swift */; };
		68599D591DA992ED001C9227 /* Main.storyboard in Resources */ = {isa = PBXBuildFile; fileRef = 68599D571DA992ED001C9227 /* Main.storyboard */; };
		68599D5B1DA992ED001C9227 /* Assets.xcassets in Resources */ = {isa = PBXBuildFile; fileRef = 68599D5A1DA992ED001C9227 /* Assets.xcassets */; };
		68599D5E1DA992ED001C9227 /* LaunchScreen.storyboard in Resources */ = {isa = PBXBuildFile; fileRef = 68599D5C1DA992ED001C9227 /* LaunchScreen.storyboard */; };
		68599D671DA9946B001C9227 /* CoreLocation.framework in Frameworks */ = {isa = PBXBuildFile; fileRef = 68599D661DA9946B001C9227 /* CoreLocation.framework */; };
/* End PBXBuildFile section */

/* Begin PBXFileReference section */
		68599D501DA992ED001C9227 /* Location Aware.app */ = {isa = PBXFileReference; explicitFileType = wrapper.application; includeInIndex = 0; path = "Location Aware.app"; sourceTree = BUILT_PRODUCTS_DIR; };
		68599D531DA992ED001C9227 /* AppDelegate.swift */ = {isa = PBXFileReference; lastKnownFileType = sourcecode.swift; path = AppDelegate.swift; sourceTree = "<group>"; };
		68599D551DA992ED001C9227 /* ViewController.swift */ = {isa = PBXFileReference; lastKnownFileType = sourcecode.swift; path = ViewController.swift; sourceTree = "<group>"; };
		68599D581DA992ED001C9227 /* Base */ = {isa = PBXFileReference; lastKnownFileType = file.storyboard; name = Base; path = Base.lproj/Main.storyboard; sourceTree = "<group>"; };
		68599D5A1DA992ED001C9227 /* Assets.xcassets */ = {isa = PBXFileReference; lastKnownFileType = folder.assetcatalog; path = Assets.xcassets; sourceTree = "<group>"; };
		68599D5D1DA992ED001C9227 /* Base */ = {isa = PBXFileReference; lastKnownFileType = file.storyboard; name = Base; path = Base.lproj/LaunchScreen.storyboard; sourceTree = "<group>"; };
		68599D5F1DA992ED001C9227 /* Info.plist */ = {isa = PBXFileReference; lastKnownFileType = text.plist.xml; path = Info.plist; sourceTree = "<group>"; };
		68599D661DA9946B001C9227 /* CoreLocation.framework */ = {isa = PBXFileReference; lastKnownFileType = wrapper.framework; name = CoreLocation.framework; path = System/Library/Frameworks/CoreLocation.framework; sourceTree = SDKROOT; };
/* End PBXFileReference section */

/* Begin PBXFrameworksBuildPhase section */
		68599D4D1DA992ED001C9227 /* Frameworks */ = {
			isa = PBXFrameworksBuildPhase;
			buildActionMask = 2147483647;
			files = (
				68599D671DA9946B001C9227 /* CoreLocation.framework in Frameworks */,
			);
			runOnlyForDeploymentPostprocessing = 0;
		};
/* End PBXFrameworksBuildPhase section */

/* Begin PBXGroup section */
		68599D471DA992ED001C9227 = {
			isa = PBXGroup;
			children = (
				68599D521DA992ED001C9227 /* Location Aware */,
				68599D511DA992ED001C9227 /* Products */,
				68599D651DA9946B001C9227 /* Frameworks */,
			);
			sourceTree = "<group>";
		};
		68599D511DA992ED001C9227 /* Products */ = {
			isa = PBXGroup;
			children = (
				68599D501DA992ED001C9227 /* Location Aware.app */,
			);
			name = Products;
			sourceTree = "<group>";
		};
		68599D521DA992ED001C9227 /* Location Aware */ = {
			isa = PBXGroup;
			children = (
				68599D531DA992ED001C9227 /* AppDelegate.swift */,
				68599D551DA992ED001C9227 /* ViewController.swift */,
				68599D571DA992ED001C9227 /* Main.storyboard */,
				68599D5A1DA992ED001C9227 /* Assets.xcassets */,
				68599D5C1DA992ED001C9227 /* LaunchScreen.storyboard */,
				68599D5F1DA992ED001C9227 /* Info.plist */,
			);
			path = "Location Aware";
			sourceTree = "<group>";
		};
		68599D651DA9946B001C9227 /* Frameworks */ = {
			isa = PBXGroup;
			children = (
				68599D661DA9946B001C9227 /* CoreLocation.framework */,
			);
			name = Frameworks;
			sourceTree = "<group>";
		};
/* End PBXGroup section */

/* Begin PBXNativeTarget section */
		68599D4F1DA992ED001C9227 /* Location Aware */ = {
			isa = PBXNativeTarget;
			buildConfigurationList = 68599D621DA992ED001C9227 /* Build configuration list for PBXNativeTarget "Location Aware" */;
			buildPhases = (
				68599D4C1DA992ED001C9227 /* Sources */,
				68599D4D1DA992ED001C9227 /* Frameworks */,
				68599D4E1DA992ED001C9227 /* Resources */,
			);
			buildRules = (
			);
			dependencies = (
			);
			name = "Location Aware";
			productName = "Location Aware";
			productReference = 68599D501DA992ED001C9227 /* Location Aware.app */;
			productType = "com.apple.product-type.application";
		};
/* End PBXNativeTarget section */

/* Begin PBXProject section */
		68599D481DA992ED001C9227 /* Project object */ = {
			isa = PBXProject;
			attributes = {
				LastSwiftUpdateCheck = 0800;
				LastUpgradeCheck = 0800;
				ORGANIZATIONNAME = "Hugo Morelli";
				TargetAttributes = {
					68599D4F1DA992ED001C9227 = {
						CreatedOnToolsVersion = 8.0;
						ProvisioningStyle = Automatic;
					};
				};
			};
			buildConfigurationList = 68599D4B1DA992ED001C9227 /* Build configuration list for PBXProject "Location Aware" */;
			compatibilityVersion = "Xcode 3.2";
			developmentRegion = English;
			hasScannedForEncodings = 0;
			knownRegions = (
				en,
				Base,
			);
			mainGroup = 68599D471DA992ED001C9227;
			productRefGroup = 68599D511DA992ED001C9227 /* Products */;
			projectDirPath = "";
			projectRoot = "";
			targets = (
				68599D4F1DA992ED001C9227 /* Location Aware */,
			);
		};
/* End PBXProject section */

/* Begin PBXResourcesBuildPhase section */
		68599D4E1DA992ED001C9227 /* Resources */ = {
			isa = PBXResourcesBuildPhase;
			buildActionMask = 2147483647;
			files = (
				68599D5E1DA992ED001C9227 /* LaunchScreen.storyboard in Resources */,
				68599D5B1DA992ED001C9227 /* Assets.xcassets in Resources */,
				68599D591DA992ED001C9227 /* Main.storyboard in Resources */,
			);
			runOnlyForDeploymentPostprocessing = 0;
		};
/* End PBXResourcesBuildPhase section */

/* Begin PBXSourcesBuildPhase section */
		68599D4C1DA992ED001C9227 /* Sources */ = {
			isa = PBXSourcesBuildPhase;
			buildActionMask = 2147483647;
			files = (
				68599D561DA992ED001C9227 /* ViewController.swift in Sources */,
				68599D541DA992ED001C9227 /* AppDelegate.swift in Sources */,
			);
			runOnlyForDeploymentPostprocessing = 0;
		};
/* End PBXSourcesBuildPhase section */

/* Begin PBXVariantGroup section */
		68599D571DA992ED001C9227 /* Main.storyboard */ = {
			isa = PBXVariantGroup;
			children = (
				68599D581DA992ED001C9227 /* Base */,
			);
			name = Main.storyboard;
			sourceTree = "<group>";
		};
		68599D5C1DA992ED001C9227 /* LaunchScreen.storyboard */ = {
			isa = PBXVariantGroup;
			children = (
				68599D5D1DA992ED001C9227 /* Base */,
			);
			name = LaunchScreen.storyboard;
			sourceTree = "<group>";
		};
/* End PBXVariantGroup section */

/* Begin XCBuildConfiguration section */
		68599D601DA992ED001C9227 /* Debug */ = {
			isa = XCBuildConfiguration;
			buildSettings = {
				ALWAYS_SEARCH_USER_PATHS = NO;
				CLANG_ANALYZER_NONNULL = YES;
				CLANG_CXX_LANGUAGE_STANDARD = "gnu++0x";
				CLANG_CXX_LIBRARY = "libc++";
				CLANG_ENABLE_MODULES = YES;
				CLANG_ENABLE_OBJC_ARC = YES;
				CLANG_WARN_BOOL_CONVERSION = YES;
				CLANG_WARN_CONSTANT_CONVERSION = YES;
				CLANG_WARN_DIRECT_OBJC_ISA_USAGE = YES_ERROR;
				CLANG_WARN_DOCUMENTATION_COMMENTS = YES;
				CLANG_WARN_EMPTY_BODY = YES;
				CLANG_WARN_ENUM_CONVERSION = YES;
				CLANG_WARN_INFINITE_RECURSION = YES;
				CLANG_WARN_INT_CONVERSION = YES;
				CLANG_WARN_OBJC_ROOT_CLASS = YES_ERROR;
				CLANG_WARN_SUSPICIOUS_MOVES = YES;
				CLANG_WARN_UNREACHABLE_CODE = YES;
				CLANG_WARN__DUPLICATE_METHOD_MATCH = YES;
				"CODE_SIGN_IDENTITY[sdk=iphoneos*]" = "iPhone Developer";
				COPY_PHASE_STRIP = NO;
				DEBUG_INFORMATION_FORMAT = dwarf;
				ENABLE_STRICT_OBJC_MSGSEND = YES;
				ENABLE_TESTABILITY = YES;
				GCC_C_LANGUAGE_STANDARD = gnu99;
				GCC_DYNAMIC_NO_PIC = NO;
				GCC_NO_COMMON_BLOCKS = YES;
				GCC_OPTIMIZATION_LEVEL = 0;
				GCC_PREPROCESSOR_DEFINITIONS = (
					"DEBUG=1",
					"$(inherited)",
				);
				GCC_WARN_64_TO_32_BIT_CONVERSION = YES;
				GCC_WARN_ABOUT_RETURN_TYPE = YES_ERROR;
				GCC_WARN_UNDECLARED_SELECTOR = YES;
				GCC_WARN_UNINITIALIZED_AUTOS = YES_AGGRESSIVE;
				GCC_WARN_UNUSED_FUNCTION = YES;
				GCC_WARN_UNUSED_VARIABLE = YES;
				IPHONEOS_DEPLOYMENT_TARGET = 10.0;
				MTL_ENABLE_DEBUG_INFO = YES;
				ONLY_ACTIVE_ARCH = YES;
				SDKROOT = iphoneos;
				SWIFT_ACTIVE_COMPILATION_CONDITIONS = DEBUG;
				SWIFT_OPTIMIZATION_LEVEL = "-Onone";
				TARGETED_DEVICE_FAMILY = "1,2";
			};
			name = Debug;
		};
		68599D611DA992ED001C9227 /* Release */ = {
			isa = XCBuildConfiguration;
			buildSettings = {
				ALWAYS_SEARCH_USER_PATHS = NO;
				CLANG_ANALYZER_NONNULL = YES;
				CLANG_CXX_LANGUAGE_STANDARD = "gnu++0x";
				CLANG_CXX_LIBRARY = "libc++";
				CLANG_ENABLE_MODULES = YES;
				CLANG_ENABLE_OBJC_ARC = YES;
				CLANG_WARN_BOOL_CONVERSION = YES;
				CLANG_WARN_CONSTANT_CONVERSION = YES;
				CLANG_WARN_DIRECT_OBJC_ISA_USAGE = YES_ERROR;
				CLANG_WARN_DOCUMENTATION_COMMENTS = YES;
				CLANG_WARN_EMPTY_BODY = YES;
				CLANG_WARN_ENUM_CONVERSION = YES;
				CLANG_WARN_INFINITE_RECURSION = YES;
				CLANG_WARN_INT_CONVERSION = YES;
				CLANG_WARN_OBJC_ROOT_CLASS = YES_ERROR;
				CLANG_WARN_SUSPICIOUS_MOVES = YES;
				CLANG_WARN_UNREACHABLE_CODE = YES;
				CLANG_WARN__DUPLICATE_METHOD_MATCH = YES;
				"CODE_SIGN_IDENTITY[sdk=iphoneos*]" = "iPhone Developer";
				COPY_PHASE_STRIP = NO;
				DEBUG_INFORMATION_FORMAT = "dwarf-with-dsym";
				ENABLE_NS_ASSERTIONS = NO;
				ENABLE_STRICT_OBJC_MSGSEND = YES;
				GCC_C_LANGUAGE_STANDARD = gnu99;
				GCC_NO_COMMON_BLOCKS = YES;
				GCC_WARN_64_TO_32_BIT_CONVERSION = YES;
				GCC_WARN_ABOUT_RETURN_TYPE = YES_ERROR;
				GCC_WARN_UNDECLARED_SELECTOR = YES;
				GCC_WARN_UNINITIALIZED_AUTOS = YES_AGGRESSIVE;
				GCC_WARN_UNUSED_FUNCTION = YES;
				GCC_WARN_UNUSED_VARIABLE = YES;
				IPHONEOS_DEPLOYMENT_TARGET = 10.0;
				MTL_ENABLE_DEBUG_INFO = NO;
				SDKROOT = iphoneos;
				SWIFT_OPTIMIZATION_LEVEL = "-Owholemodule";
				TARGETED_DEVICE_FAMILY = "1,2";
				VALIDATE_PRODUCT = YES;
			};
			name = Release;
		};
		68599D631DA992ED001C9227 /* Debug */ = {
			isa = XCBuildConfiguration;
			buildSettings = {
				ASSETCATALOG_COMPILER_APPICON_NAME = AppIcon;
				INFOPLIST_FILE = "Location Aware/Info.plist";
				LD_RUNPATH_SEARCH_PATHS = "$(inherited) @executable_path/Frameworks";
				PRODUCT_BUNDLE_IDENTIFIER = "com.hugo.Location-Aware";
				PRODUCT_NAME = "$(TARGET_NAME)";
				SWIFT_VERSION = 3.0;
			};
			name = Debug;
		};
		68599D641DA992ED001C9227 /* Release */ = {
			isa = XCBuildConfiguration;
			buildSettings = {
				ASSETCATALOG_COMPILER_APPICON_NAME = AppIcon;
				INFOPLIST_FILE = "Location Aware/Info.plist";
				LD_RUNPATH_SEARCH_PATHS = "$(inherited) @executable_path/Frameworks";
				PRODUCT_BUNDLE_IDENTIFIER = "com.hugo.Location-Aware";
				PRODUCT_NAME = "$(TARGET_NAME)";
				SWIFT_VERSION = 3.0;
			};
			name = Release;
		};
/* End XCBuildConfiguration section */

/* Begin XCConfigurationList section */
		68599D4B1DA992ED001C9227 /* Build configuration list for PBXProject "Location Aware" */ = {
			isa = XCConfigurationList;
			buildConfigurations = (
				68599D601DA992ED001C9227 /* Debug */,
				68599D611DA992ED001C9227 /* Release */,
			);
			defaultConfigurationIsVisible = 0;
			defaultConfigurationName = Release;
		};
		68599D621DA992ED001C9227 /* Build configuration list for PBXNativeTarget "Location Aware" */ = {
			isa = XCConfigurationList;
			buildConfigurations = (
				68599D631DA992ED001C9227 /* Debug */,
				68599D641DA992ED001C9227 /* Release */,
			);
			defaultConfigurationIsVisible = 0;
		};
/* End XCConfigurationList section */
	};
	rootObject = 68599D481DA992ED001C9227 /* Project object */;
}
